
Microsoft Visual Studio Solution File, Format Version 12.00
# Visual Studio 2013
VisualStudioVersion = 12.0.21005.1
MinimumVisualStudioVersion = 10.0.40219.1
Project("{F2A71F9B-5D33-465A-A702-920D77279786}") = "Creatures", "Creatures\Creatures.fsproj", "{29011A2E-2F96-454A-A5FC-B0A92DFF1A4B}"
EndProject
Project("{F2A71F9B-5D33-465A-A702-920D77279786}") = "Disease", "Disease\Disease.fsproj", "{75D69A01-6299-4F8D-8EF3-803D3CB22E9B}"
EndProject
Project("{F2A71F9B-5D33-465A-A702-920D77279786}") = "World", "World\World.fsproj", "{1853BD80-17FD-4951-9E0E-6DFB91F46DB1}"
EndProject
Global
	GlobalSection(SolutionConfigurationPlatforms) = preSolution
		Debug|Any CPU = Debug|Any CPU
		Release|Any CPU = Release|Any CPU
	EndGlobalSection
	GlobalSection(ProjectConfigurationPlatforms) = postSolution
		{29011A2E-2F96-454A-A5FC-B0A92DFF1A4B}.Debug|Any CPU.ActiveCfg = Debug|Any CPU
		{29011A2E-2F96-454A-A5FC-B0A92DFF1A4B}.Debug|Any CPU.Build.0 = Debug|Any CPU
		{29011A2E-2F96-454A-A5FC-B0A92DFF1A4B}.Release|Any CPU.ActiveCfg = Release|Any CPU
		{29011A2E-2F96-454A-A5FC-B0A92DFF1A4B}.Release|Any CPU.Build.0 = Release|Any CPU
		{75D69A01-6299-4F8D-8EF3-803D3CB22E9B}.Debug|Any CPU.ActiveCfg = Debug|Any CPU
		{75D69A01-6299-4F8D-8EF3-803D3CB22E9B}.Debug|Any CPU.Build.0 = Debug|Any CPU
		{75D69A01-6299-4F8D-8EF3-803D3CB22E9B}.Release|Any CPU.ActiveCfg = Release|Any CPU
		{75D69A01-6299-4F8D-8EF3-803D3CB22E9B}.Release|Any CPU.Build.0 = Release|Any CPU
		{1853BD80-17FD-4951-9E0E-6DFB91F46DB1}.Debug|Any CPU.ActiveCfg = Debug|Any CPU
		{1853BD80-17FD-4951-9E0E-6DFB91F46DB1}.Debug|Any CPU.Build.0 = Debug|Any CPU
		{1853BD80-17FD-4951-9E0E-6DFB91F46DB1}.Release|Any CPU.ActiveCfg = Release|Any CPU
		{1853BD80-17FD-4951-9E0E-6DFB91F46DB1}.Release|Any CPU.Build.0 = Release|Any CPU
	EndGlobalSection
	GlobalSection(SolutionProperties) = preSolution
		HideSolutionNode = FALSE
	EndGlobalSection
EndGlobal
