
Microsoft Visual Studio Solution File, Format Version 12.00
# Visual Studio 2013
VisualStudioVersion = 12.0.21005.1
MinimumVisualStudioVersion = 10.0.40219.1
Project("{F2A71F9B-5D33-465A-A702-920D77279786}") = "World", "World\World.fsproj", "{7AEAD28C-87BA-4D5E-9F45-A65C80D68AD5}"
	ProjectSection(ProjectDependencies) = postProject
		{869D6E52-EF06-4F9F-909C-94A820E8BDDC} = {869D6E52-EF06-4F9F-909C-94A820E8BDDC}
		{CCA3475D-8724-4A71-955A-5BFA2D349C4E} = {CCA3475D-8724-4A71-955A-5BFA2D349C4E}
	EndProjectSection
EndProject
Project("{F2A71F9B-5D33-465A-A702-920D77279786}") = "Disease", "Disease\Disease.fsproj", "{869D6E52-EF06-4F9F-909C-94A820E8BDDC}"
EndProject
Project("{F2A71F9B-5D33-465A-A702-920D77279786}") = "Creatures", "Creatures\Creatures.fsproj", "{CCA3475D-8724-4A71-955A-5BFA2D349C4E}"
EndProject
Global
	GlobalSection(SolutionConfigurationPlatforms) = preSolution
		Debug|Any CPU = Debug|Any CPU
		Release|Any CPU = Release|Any CPU
	EndGlobalSection
	GlobalSection(ProjectConfigurationPlatforms) = postSolution
		{7AEAD28C-87BA-4D5E-9F45-A65C80D68AD5}.Debug|Any CPU.ActiveCfg = Debug|Any CPU
		{7AEAD28C-87BA-4D5E-9F45-A65C80D68AD5}.Debug|Any CPU.Build.0 = Debug|Any CPU
		{7AEAD28C-87BA-4D5E-9F45-A65C80D68AD5}.Release|Any CPU.ActiveCfg = Release|Any CPU
		{7AEAD28C-87BA-4D5E-9F45-A65C80D68AD5}.Release|Any CPU.Build.0 = Release|Any CPU
		{869D6E52-EF06-4F9F-909C-94A820E8BDDC}.Debug|Any CPU.ActiveCfg = Debug|Any CPU
		{869D6E52-EF06-4F9F-909C-94A820E8BDDC}.Debug|Any CPU.Build.0 = Debug|Any CPU
		{869D6E52-EF06-4F9F-909C-94A820E8BDDC}.Release|Any CPU.ActiveCfg = Release|Any CPU
		{869D6E52-EF06-4F9F-909C-94A820E8BDDC}.Release|Any CPU.Build.0 = Release|Any CPU
		{CCA3475D-8724-4A71-955A-5BFA2D349C4E}.Debug|Any CPU.ActiveCfg = Debug|Any CPU
		{CCA3475D-8724-4A71-955A-5BFA2D349C4E}.Debug|Any CPU.Build.0 = Debug|Any CPU
		{CCA3475D-8724-4A71-955A-5BFA2D349C4E}.Release|Any CPU.ActiveCfg = Release|Any CPU
		{CCA3475D-8724-4A71-955A-5BFA2D349C4E}.Release|Any CPU.Build.0 = Release|Any CPU
	EndGlobalSection
	GlobalSection(SolutionProperties) = preSolution
		HideSolutionNode = FALSE
	EndGlobalSection
EndGlobal
